
Microsoft Visual Studio Solution File, Format Version 12.00
# Visual Studio Version 17
VisualStudioVersion = 17.11.35219.272
MinimumVisualStudioVersion = 10.0.40219.1
Project("{FAE04EC0-301F-11D3-BF4B-00C04F79EFBC}") = "Bot_De_Telegram", "Bot_De_Telegram\Bot_De_Telegram.csproj", "{21B6B202-D8F0-4220-B001-71B95781560A}"
EndProject
Global
	GlobalSection(SolutionConfigurationPlatforms) = preSolution
		Debug|Any CPU = Debug|Any CPU
		Release|Any CPU = Release|Any CPU
	EndGlobalSection
	GlobalSection(ProjectConfigurationPlatforms) = postSolution
		{21B6B202-D8F0-4220-B001-71B95781560A}.Debug|Any CPU.ActiveCfg = Debug|Any CPU
		{21B6B202-D8F0-4220-B001-71B95781560A}.Debug|Any CPU.Build.0 = Debug|Any CPU
		{21B6B202-D8F0-4220-B001-71B95781560A}.Release|Any CPU.ActiveCfg = Release|Any CPU
		{21B6B202-D8F0-4220-B001-71B95781560A}.Release|Any CPU.Build.0 = Release|Any CPU
	EndGlobalSection
	GlobalSection(SolutionProperties) = preSolution
		HideSolutionNode = FALSE
	EndGlobalSection
	GlobalSection(ExtensibilityGlobals) = postSolution
		SolutionGuid = {357983FC-6A34-44AA-A0F6-87E2E66840A6}
	EndGlobalSection
EndGlobal
